
Microsoft Visual Studio Solution File, Format Version 12.00
# Visual Studio Version 17
VisualStudioVersion = 17.11.35208.52
MinimumVisualStudioVersion = 10.0.40219.1
Project("{FAE04EC0-301F-11D3-BF4B-00C04F79EFBC}") = "WoW_mod", "WoW_mod\WoW_mod.csproj", "{31F0DEE8-FC07-478E-A4B7-78D6607CC300}"
EndProject
Global
	GlobalSection(SolutionConfigurationPlatforms) = preSolution
		Debug|Any CPU = Debug|Any CPU
		Release|Any CPU = Release|Any CPU
	EndGlobalSection
	GlobalSection(ProjectConfigurationPlatforms) = postSolution
		{31F0DEE8-FC07-478E-A4B7-78D6607CC300}.Debug|Any CPU.ActiveCfg = Debug|Any CPU
		{31F0DEE8-FC07-478E-A4B7-78D6607CC300}.Debug|Any CPU.Build.0 = Debug|Any CPU
		{31F0DEE8-FC07-478E-A4B7-78D6607CC300}.Release|Any CPU.ActiveCfg = Release|Any CPU
		{31F0DEE8-FC07-478E-A4B7-78D6607CC300}.Release|Any CPU.Build.0 = Release|Any CPU
	EndGlobalSection
	GlobalSection(SolutionProperties) = preSolution
		HideSolutionNode = FALSE
	EndGlobalSection
	GlobalSection(ExtensibilityGlobals) = postSolution
		SolutionGuid = {6206AC78-5ACC-4283-ABF8-91B252505B57}
	EndGlobalSection
EndGlobal
